
Microsoft Visual Studio Solution File, Format Version 12.00
# Visual Studio Version 17
VisualStudioVersion = 17.10.34916.146
MinimumVisualStudioVersion = 10.0.40219.1
Project("{FAE04EC0-301F-11D3-BF4B-00C04F79EFBC}") = "ABM Usuario", "ABM Usuario\ABM Usuario.csproj", "{F3637CC5-0DCD-4B3A-B77B-13999A6CC2DC}"
EndProject
Global
	GlobalSection(SolutionConfigurationPlatforms) = preSolution
		Debug|Any CPU = Debug|Any CPU
		Release|Any CPU = Release|Any CPU
	EndGlobalSection
	GlobalSection(ProjectConfigurationPlatforms) = postSolution
		{F3637CC5-0DCD-4B3A-B77B-13999A6CC2DC}.Debug|Any CPU.ActiveCfg = Debug|Any CPU
		{F3637CC5-0DCD-4B3A-B77B-13999A6CC2DC}.Debug|Any CPU.Build.0 = Debug|Any CPU
		{F3637CC5-0DCD-4B3A-B77B-13999A6CC2DC}.Release|Any CPU.ActiveCfg = Release|Any CPU
		{F3637CC5-0DCD-4B3A-B77B-13999A6CC2DC}.Release|Any CPU.Build.0 = Release|Any CPU
	EndGlobalSection
	GlobalSection(SolutionProperties) = preSolution
		HideSolutionNode = FALSE
	EndGlobalSection
	GlobalSection(ExtensibilityGlobals) = postSolution
		SolutionGuid = {807BDDAB-C2EF-4F54-B4F6-B60588B087C2}
	EndGlobalSection
EndGlobal
